// !$*UTF8*$!
{
	archiveVersion = 1;
	classes = {
	};
	objectVersion = 48;
	objects = {

/* Begin PBXBuildFile section */
		9124FDBD2258891600151834 /* BaseModel.swift in Sources */ = {isa = PBXBuildFile; fileRef = 9124FDBC2258891600151834 /* BaseModel.swift */; };
		9124FDBF2258892E00151834 /* ContactModel.swift in Sources */ = {isa = PBXBuildFile; fileRef = 9124FDBE2258892E00151834 /* ContactModel.swift */; };
		9124FDC22258900A00151834 /* AppPreference.swift in Sources */ = {isa = PBXBuildFile; fileRef = 9124FDC12258900A00151834 /* AppPreference.swift */; };
		9124FDC42258913300151834 /* SearchingView.swift in Sources */ = {isa = PBXBuildFile; fileRef = 9124FDC32258913300151834 /* SearchingView.swift */; };
		9124FDC62258913900151834 /* SearchingView.xib in Resources */ = {isa = PBXBuildFile; fileRef = 9124FDC52258913900151834 /* SearchingView.xib */; };
		9124FDCD2258A32500151834 /* ColorExtension.swift in Sources */ = {isa = PBXBuildFile; fileRef = 9124FDCC2258A32500151834 /* ColorExtension.swift */; };
		9124FDCF2258B30D00151834 /* SimpleFunction.swift in Sources */ = {isa = PBXBuildFile; fileRef = 9124FDCE2258B30D00151834 /* SimpleFunction.swift */; };
		91420583225F753E00496AA0 /* ContactNoteCell.swift in Sources */ = {isa = PBXBuildFile; fileRef = 91420581225F753E00496AA0 /* ContactNoteCell.swift */; };
		91420584225F753E00496AA0 /* ContactNoteCell.xib in Resources */ = {isa = PBXBuildFile; fileRef = 91420582225F753E00496AA0 /* ContactNoteCell.xib */; };
		914378E62256DE5200C41F6E /* BaseCustomNibView.swift in Sources */ = {isa = PBXBuildFile; fileRef = 914378E52256DE5200C41F6E /* BaseCustomNibView.swift */; };
		914378E82256DE8800C41F6E /* AvatarView.swift in Sources */ = {isa = PBXBuildFile; fileRef = 914378E72256DE8800C41F6E /* AvatarView.swift */; };
		914378EA2256DE9200C41F6E /* AvatarView.xib in Resources */ = {isa = PBXBuildFile; fileRef = 914378E92256DE9200C41F6E /* AvatarView.xib */; };
		919B0C35225C23A5004576F6 /* ContactFileManager.swift in Sources */ = {isa = PBXBuildFile; fileRef = 919B0C34225C23A5004576F6 /* ContactFileManager.swift */; };
		919B0C37225C2A71004576F6 /* DateExtension.swift in Sources */ = {isa = PBXBuildFile; fileRef = 919B0C36225C2A71004576F6 /* DateExtension.swift */; };
		91B5D48C225ECD7E00AC0DF0 /* ContactEditCell.swift in Sources */ = {isa = PBXBuildFile; fileRef = 91B5D48A225ECD7E00AC0DF0 /* ContactEditCell.swift */; };
		91B5D48D225ECD7E00AC0DF0 /* ContactEditCell.xib in Resources */ = {isa = PBXBuildFile; fileRef = 91B5D48B225ECD7E00AC0DF0 /* ContactEditCell.xib */; };
		91B5D490225ECD9E00AC0DF0 /* ContactNewCell.swift in Sources */ = {isa = PBXBuildFile; fileRef = 91B5D48E225ECD9E00AC0DF0 /* ContactNewCell.swift */; };
		91B5D491225ECD9E00AC0DF0 /* ContactNewCell.xib in Resources */ = {isa = PBXBuildFile; fileRef = 91B5D48F225ECD9E00AC0DF0 /* ContactNewCell.xib */; };
		91F0ACC52254FF9B00CE6782 /* AppDelegate.swift in Sources */ = {isa = PBXBuildFile; fileRef = 91F0ACC42254FF9B00CE6782 /* AppDelegate.swift */; };
		91F0ACC72254FF9B00CE6782 /* ViewController.swift in Sources */ = {isa = PBXBuildFile; fileRef = 91F0ACC62254FF9B00CE6782 /* ViewController.swift */; };
		91F0ACCA2254FF9B00CE6782 /* Main.storyboard in Resources */ = {isa = PBXBuildFile; fileRef = 91F0ACC82254FF9B00CE6782 /* Main.storyboard */; };
		91F0ACCC2254FF9B00CE6782 /* Assets.xcassets in Resources */ = {isa = PBXBuildFile; fileRef = 91F0ACCB2254FF9B00CE6782 /* Assets.xcassets */; };
		91F0ACCF2254FF9B00CE6782 /* LaunchScreen.storyboard in Resources */ = {isa = PBXBuildFile; fileRef = 91F0ACCD2254FF9B00CE6782 /* LaunchScreen.storyboard */; };
		91F0ACD7225501E200CE6782 /* BaseViewController.swift in Sources */ = {isa = PBXBuildFile; fileRef = 91F0ACD6225501E200CE6782 /* BaseViewController.swift */; };
		91F0ACD92255020000CE6782 /* FavouriteVC.swift in Sources */ = {isa = PBXBuildFile; fileRef = 91F0ACD82255020000CE6782 /* FavouriteVC.swift */; };
		91F0ACDB2255020E00CE6782 /* HistoryVC.swift in Sources */ = {isa = PBXBuildFile; fileRef = 91F0ACDA2255020E00CE6782 /* HistoryVC.swift */; };
		91F0ACDD2255021B00CE6782 /* ContactVC.swift in Sources */ = {isa = PBXBuildFile; fileRef = 91F0ACDC2255021B00CE6782 /* ContactVC.swift */; };
		91F0ACDF2255023900CE6782 /* BirthdayVC.swift in Sources */ = {isa = PBXBuildFile; fileRef = 91F0ACDE2255023900CE6782 /* BirthdayVC.swift */; };
		91F0ACE12255025100CE6782 /* SettingsVC.swift in Sources */ = {isa = PBXBuildFile; fileRef = 91F0ACE02255025100CE6782 /* SettingsVC.swift */; };
		91F0ACE4225503F000CE6782 /* BaseTableViewCell.swift in Sources */ = {isa = PBXBuildFile; fileRef = 91F0ACE3225503F000CE6782 /* BaseTableViewCell.swift */; };
		91F0ACE72255043900CE6782 /* ContactCell.swift in Sources */ = {isa = PBXBuildFile; fileRef = 91F0ACE52255043900CE6782 /* ContactCell.swift */; };
		91F0ACE82255043900CE6782 /* ContactCell.xib in Resources */ = {isa = PBXBuildFile; fileRef = 91F0ACE62255043900CE6782 /* ContactCell.xib */; };
		91F24E1D225E5519001ABE9D /* SettingNormalCell.swift in Sources */ = {isa = PBXBuildFile; fileRef = 91F24E1B225E5519001ABE9D /* SettingNormalCell.swift */; };
		91F24E1E225E5519001ABE9D /* SettingNormalCell.xib in Resources */ = {isa = PBXBuildFile; fileRef = 91F24E1C225E5519001ABE9D /* SettingNormalCell.xib */; };
		91F24E20225E567D001ABE9D /* SettingDetailVC.swift in Sources */ = {isa = PBXBuildFile; fileRef = 91F24E1F225E567D001ABE9D /* SettingDetailVC.swift */; };
		91F24E22225E664C001ABE9D /* ContactDetailVC.swift in Sources */ = {isa = PBXBuildFile; fileRef = 91F24E21225E664C001ABE9D /* ContactDetailVC.swift */; };
		91F24E24225E6661001ABE9D /* EditContactVC.swift in Sources */ = {isa = PBXBuildFile; fileRef = 91F24E23225E6661001ABE9D /* EditContactVC.swift */; };
		91F24E26225E67CF001ABE9D /* ContactActionDetailView.swift in Sources */ = {isa = PBXBuildFile; fileRef = 91F24E25225E67CF001ABE9D /* ContactActionDetailView.swift */; };
		91F24E28225E67D7001ABE9D /* ContactActionDetailView.xib in Resources */ = {isa = PBXBuildFile; fileRef = 91F24E27225E67D7001ABE9D /* ContactActionDetailView.xib */; };
		91F24E2B225E6B7E001ABE9D /* ContactDetailCell.swift in Sources */ = {isa = PBXBuildFile; fileRef = 91F24E29225E6B7E001ABE9D /* ContactDetailCell.swift */; };
		91F24E2C225E6B7E001ABE9D /* ContactDetailCell.xib in Resources */ = {isa = PBXBuildFile; fileRef = 91F24E2A225E6B7E001ABE9D /* ContactDetailCell.xib */; };
		A363A4D37D76A19C36F2E727 /* Pods_CardhopTNV.framework in Frameworks */ = {isa = PBXBuildFile; fileRef = BAD99D97F49F467D635ABBE8 /* Pods_CardhopTNV.framework */; };
		B147B477226038CC000C2F99 /* ToolBar.swift in Sources */ = {isa = PBXBuildFile; fileRef = B147B476226038CC000C2F99 /* ToolBar.swift */; };
		B147B47922603E12000C2F99 /* ImageProfileVC.swift in Sources */ = {isa = PBXBuildFile; fileRef = B147B47822603E12000C2F99 /* ImageProfileVC.swift */; };
		B147B482226051BB000C2F99 /* AddressEditCell.swift in Sources */ = {isa = PBXBuildFile; fileRef = B147B480226051BB000C2F99 /* AddressEditCell.swift */; };
		B147B483226051BB000C2F99 /* AddressEditCell.xib in Resources */ = {isa = PBXBuildFile; fileRef = B147B481226051BB000C2F99 /* AddressEditCell.xib */; };
		B147B4852260644C000C2F99 /* LabelVC.swift in Sources */ = {isa = PBXBuildFile; fileRef = B147B4842260644C000C2F99 /* LabelVC.swift */; };
		B147B489226089EA000C2F99 /* ViewControllerExtension.swift in Sources */ = {isa = PBXBuildFile; fileRef = B147B488226089EA000C2F99 /* ViewControllerExtension.swift */; };
		B14A7BAF225B43D50027E540 /* StringExtension.swift in Sources */ = {isa = PBXBuildFile; fileRef = B14A7BAE225B43D50027E540 /* StringExtension.swift */; };
		B14A7BB1225B5A9F0027E540 /* ContactLabelModel.swift in Sources */ = {isa = PBXBuildFile; fileRef = B14A7BB0225B5A9F0027E540 /* ContactLabelModel.swift */; };
		B14A7BB3225B5C370027E540 /* ContactAddressModel.swift in Sources */ = {isa = PBXBuildFile; fileRef = B14A7BB2225B5C370027E540 /* ContactAddressModel.swift */; };
		B19FD8EE225F50B800226727 /* PhotoManager.swift in Sources */ = {isa = PBXBuildFile; fileRef = B19FD8ED225F50B800226727 /* PhotoManager.swift */; };
		B1C4AB12225C49E4006386EA /* SectionView.swift in Sources */ = {isa = PBXBuildFile; fileRef = B1C4AB11225C49E4006386EA /* SectionView.swift */; };
		B1C4AB14225C49EC006386EA /* SectionView.xib in Resources */ = {isa = PBXBuildFile; fileRef = B1C4AB13225C49EC006386EA /* SectionView.xib */; };
		B1C4AB16225C4A27006386EA /* SettingGeneralOptionView.swift in Sources */ = {isa = PBXBuildFile; fileRef = B1C4AB15225C4A27006386EA /* SettingGeneralOptionView.swift */; };
		B1C4AB18225C4A2F006386EA /* SettingGeneralOptionView.xib in Resources */ = {isa = PBXBuildFile; fileRef = B1C4AB17225C4A2F006386EA /* SettingGeneralOptionView.xib */; };
		B1C4AB1A225C4A51006386EA /* ThemeView.swift in Sources */ = {isa = PBXBuildFile; fileRef = B1C4AB19225C4A51006386EA /* ThemeView.swift */; };
		B1C4AB1E225C4A69006386EA /* ThemeView.xib in Resources */ = {isa = PBXBuildFile; fileRef = B1C4AB1D225C4A69006386EA /* ThemeView.xib */; };
		B1C4AB20225C4C78006386EA /* ThemeOptionView.swift in Sources */ = {isa = PBXBuildFile; fileRef = B1C4AB1F225C4C78006386EA /* ThemeOptionView.swift */; };
		B1C4AB22225C4C81006386EA /* ThemeOptionView.xib in Resources */ = {isa = PBXBuildFile; fileRef = B1C4AB21225C4C81006386EA /* ThemeOptionView.xib */; };
		B1C4AB24225C7D84006386EA /* SettingGeneralView.swift in Sources */ = {isa = PBXBuildFile; fileRef = B1C4AB23225C7D84006386EA /* SettingGeneralView.swift */; };
		B1C4AB26225C7D8E006386EA /* SettingGeneralView.xib in Resources */ = {isa = PBXBuildFile; fileRef = B1C4AB25225C7D8E006386EA /* SettingGeneralView.xib */; };
		B1C4AB28225C850D006386EA /* SearchingContactsVC.swift in Sources */ = {isa = PBXBuildFile; fileRef = B1C4AB27225C850D006386EA /* SearchingContactsVC.swift */; };
		B1C4AB2C225D94E9006386EA /* SearchingGuideView.swift in Sources */ = {isa = PBXBuildFile; fileRef = B1C4AB2B225D94E9006386EA /* SearchingGuideView.swift */; };
		B1C4AB2E225D94F2006386EA /* SearchingGuideView.xib in Resources */ = {isa = PBXBuildFile; fileRef = B1C4AB2D225D94F2006386EA /* SearchingGuideView.xib */; };
		B1C4AB30225D9766006386EA /* SearchingGuideOptionView.swift in Sources */ = {isa = PBXBuildFile; fileRef = B1C4AB2F225D9766006386EA /* SearchingGuideOptionView.swift */; };
		B1C4AB32225D9770006386EA /* SearchingGuideOptionView.xib in Resources */ = {isa = PBXBuildFile; fileRef = B1C4AB31225D9770006386EA /* SearchingGuideOptionView.xib */; };
		B1C4AB34225DA912006386EA /* SearchBarExtension.swift in Sources */ = {isa = PBXBuildFile; fileRef = B1C4AB33225DA912006386EA /* SearchBarExtension.swift */; };
		B1C4AB36225DAA94006386EA /* GeneralSettingModel.swift in Sources */ = {isa = PBXBuildFile; fileRef = B1C4AB35225DAA94006386EA /* GeneralSettingModel.swift */; };
		B1C4AB5E225DD98C006386EA /* ContactCountryVC.swift in Sources */ = {isa = PBXBuildFile; fileRef = B1C4AB5D225DD98C006386EA /* ContactCountryVC.swift */; };
		B1C4AB88225DF3E6006386EA /* CountryPickerView.bundle in Resources */ = {isa = PBXBuildFile; fileRef = B1C4AB81225DF3E6006386EA /* CountryPickerView.bundle */; };
		B1C4AB90225DF650006386EA /* CountryModel.swift in Sources */ = {isa = PBXBuildFile; fileRef = B1C4AB8F225DF650006386EA /* CountryModel.swift */; };
		B1C4AB93225E016D006386EA /* CountryCell.swift in Sources */ = {isa = PBXBuildFile; fileRef = B1C4AB91225E016D006386EA /* CountryCell.swift */; };
		B1C4AB94225E016E006386EA /* CountryCell.xib in Resources */ = {isa = PBXBuildFile; fileRef = B1C4AB92225E016D006386EA /* CountryCell.xib */; };
		B1C4AB96225E07A3006386EA /* UIViewExtension.swift in Sources */ = {isa = PBXBuildFile; fileRef = B1C4AB95225E07A3006386EA /* UIViewExtension.swift */; };
		B1C4AB99225F252B006386EA /* AddressCell.swift in Sources */ = {isa = PBXBuildFile; fileRef = B1C4AB97225F252B006386EA /* AddressCell.swift */; };
		B1C4AB9A225F252B006386EA /* AddressCell.xib in Resources */ = {isa = PBXBuildFile; fileRef = B1C4AB98225F252B006386EA /* AddressCell.xib */; };
/* End PBXBuildFile section */

/* Begin PBXFileReference section */
		9124FDBC2258891600151834 /* BaseModel.swift */ = {isa = PBXFileReference; lastKnownFileType = sourcecode.swift; path = BaseModel.swift; sourceTree = "<group>"; };
		9124FDBE2258892E00151834 /* ContactModel.swift */ = {isa = PBXFileReference; lastKnownFileType = sourcecode.swift; path = ContactModel.swift; sourceTree = "<group>"; };
		9124FDC12258900A00151834 /* AppPreference.swift */ = {isa = PBXFileReference; lastKnownFileType = sourcecode.swift; path = AppPreference.swift; sourceTree = "<group>"; };
		9124FDC32258913300151834 /* SearchingView.swift */ = {isa = PBXFileReference; lastKnownFileType = sourcecode.swift; path = SearchingView.swift; sourceTree = "<group>"; };
		9124FDC52258913900151834 /* SearchingView.xib */ = {isa = PBXFileReference; lastKnownFileType = file.xib; path = SearchingView.xib; sourceTree = "<group>"; };
		9124FDCC2258A32500151834 /* ColorExtension.swift */ = {isa = PBXFileReference; lastKnownFileType = sourcecode.swift; path = ColorExtension.swift; sourceTree = "<group>"; };
		9124FDCE2258B30D00151834 /* SimpleFunction.swift */ = {isa = PBXFileReference; lastKnownFileType = sourcecode.swift; path = SimpleFunction.swift; sourceTree = "<group>"; };
		91420581225F753E00496AA0 /* ContactNoteCell.swift */ = {isa = PBXFileReference; lastKnownFileType = sourcecode.swift; path = ContactNoteCell.swift; sourceTree = "<group>"; };
		91420582225F753E00496AA0 /* ContactNoteCell.xib */ = {isa = PBXFileReference; lastKnownFileType = file.xib; path = ContactNoteCell.xib; sourceTree = "<group>"; };
		914378E52256DE5200C41F6E /* BaseCustomNibView.swift */ = {isa = PBXFileReference; fileEncoding = 4; lastKnownFileType = sourcecode.swift; path = BaseCustomNibView.swift; sourceTree = "<group>"; };
		914378E72256DE8800C41F6E /* AvatarView.swift */ = {isa = PBXFileReference; lastKnownFileType = sourcecode.swift; path = AvatarView.swift; sourceTree = "<group>"; };
		914378E92256DE9200C41F6E /* AvatarView.xib */ = {isa = PBXFileReference; lastKnownFileType = file.xib; path = AvatarView.xib; sourceTree = "<group>"; };
		919B0C34225C23A5004576F6 /* ContactFileManager.swift */ = {isa = PBXFileReference; lastKnownFileType = sourcecode.swift; path = ContactFileManager.swift; sourceTree = "<group>"; };
		919B0C36225C2A71004576F6 /* DateExtension.swift */ = {isa = PBXFileReference; lastKnownFileType = sourcecode.swift; path = DateExtension.swift; sourceTree = "<group>"; };
		91B5D48A225ECD7E00AC0DF0 /* ContactEditCell.swift */ = {isa = PBXFileReference; lastKnownFileType = sourcecode.swift; path = ContactEditCell.swift; sourceTree = "<group>"; };
		91B5D48B225ECD7E00AC0DF0 /* ContactEditCell.xib */ = {isa = PBXFileReference; lastKnownFileType = file.xib; path = ContactEditCell.xib; sourceTree = "<group>"; };
		91B5D48E225ECD9E00AC0DF0 /* ContactNewCell.swift */ = {isa = PBXFileReference; lastKnownFileType = sourcecode.swift; path = ContactNewCell.swift; sourceTree = "<group>"; };
		91B5D48F225ECD9E00AC0DF0 /* ContactNewCell.xib */ = {isa = PBXFileReference; lastKnownFileType = file.xib; path = ContactNewCell.xib; sourceTree = "<group>"; };
		91F0ACC12254FF9B00CE6782 /* CardhopTNV.app */ = {isa = PBXFileReference; explicitFileType = wrapper.application; includeInIndex = 0; path = CardhopTNV.app; sourceTree = BUILT_PRODUCTS_DIR; };
		91F0ACC42254FF9B00CE6782 /* AppDelegate.swift */ = {isa = PBXFileReference; lastKnownFileType = sourcecode.swift; path = AppDelegate.swift; sourceTree = "<group>"; };
		91F0ACC62254FF9B00CE6782 /* ViewController.swift */ = {isa = PBXFileReference; lastKnownFileType = sourcecode.swift; path = ViewController.swift; sourceTree = "<group>"; };
		91F0ACC92254FF9B00CE6782 /* Base */ = {isa = PBXFileReference; lastKnownFileType = file.storyboard; name = Base; path = Base.lproj/Main.storyboard; sourceTree = "<group>"; };
		91F0ACCB2254FF9B00CE6782 /* Assets.xcassets */ = {isa = PBXFileReference; lastKnownFileType = folder.assetcatalog; path = Assets.xcassets; sourceTree = "<group>"; };
		91F0ACCE2254FF9B00CE6782 /* Base */ = {isa = PBXFileReference; lastKnownFileType = file.storyboard; name = Base; path = Base.lproj/LaunchScreen.storyboard; sourceTree = "<group>"; };
		91F0ACD02254FF9B00CE6782 /* Info.plist */ = {isa = PBXFileReference; lastKnownFileType = text.plist.xml; path = Info.plist; sourceTree = "<group>"; };
		91F0ACD6225501E200CE6782 /* BaseViewController.swift */ = {isa = PBXFileReference; lastKnownFileType = sourcecode.swift; path = BaseViewController.swift; sourceTree = "<group>"; };
		91F0ACD82255020000CE6782 /* FavouriteVC.swift */ = {isa = PBXFileReference; lastKnownFileType = sourcecode.swift; path = FavouriteVC.swift; sourceTree = "<group>"; };
		91F0ACDA2255020E00CE6782 /* HistoryVC.swift */ = {isa = PBXFileReference; lastKnownFileType = sourcecode.swift; path = HistoryVC.swift; sourceTree = "<group>"; };
		91F0ACDC2255021B00CE6782 /* ContactVC.swift */ = {isa = PBXFileReference; lastKnownFileType = sourcecode.swift; path = ContactVC.swift; sourceTree = "<group>"; };
		91F0ACDE2255023900CE6782 /* BirthdayVC.swift */ = {isa = PBXFileReference; lastKnownFileType = sourcecode.swift; path = BirthdayVC.swift; sourceTree = "<group>"; };
		91F0ACE02255025100CE6782 /* SettingsVC.swift */ = {isa = PBXFileReference; lastKnownFileType = sourcecode.swift; path = SettingsVC.swift; sourceTree = "<group>"; };
		91F0ACE3225503F000CE6782 /* BaseTableViewCell.swift */ = {isa = PBXFileReference; lastKnownFileType = sourcecode.swift; path = BaseTableViewCell.swift; sourceTree = "<group>"; };
		91F0ACE52255043900CE6782 /* ContactCell.swift */ = {isa = PBXFileReference; lastKnownFileType = sourcecode.swift; path = ContactCell.swift; sourceTree = "<group>"; };
		91F0ACE62255043900CE6782 /* ContactCell.xib */ = {isa = PBXFileReference; lastKnownFileType = file.xib; path = ContactCell.xib; sourceTree = "<group>"; };
		91F24E1B225E5519001ABE9D /* SettingNormalCell.swift */ = {isa = PBXFileReference; lastKnownFileType = sourcecode.swift; path = SettingNormalCell.swift; sourceTree = "<group>"; };
		91F24E1C225E5519001ABE9D /* SettingNormalCell.xib */ = {isa = PBXFileReference; lastKnownFileType = file.xib; path = SettingNormalCell.xib; sourceTree = "<group>"; };
		91F24E1F225E567D001ABE9D /* SettingDetailVC.swift */ = {isa = PBXFileReference; lastKnownFileType = sourcecode.swift; path = SettingDetailVC.swift; sourceTree = "<group>"; };
		91F24E21225E664C001ABE9D /* ContactDetailVC.swift */ = {isa = PBXFileReference; lastKnownFileType = sourcecode.swift; path = ContactDetailVC.swift; sourceTree = "<group>"; };
		91F24E23225E6661001ABE9D /* EditContactVC.swift */ = {isa = PBXFileReference; lastKnownFileType = sourcecode.swift; path = EditContactVC.swift; sourceTree = "<group>"; };
		91F24E25225E67CF001ABE9D /* ContactActionDetailView.swift */ = {isa = PBXFileReference; lastKnownFileType = sourcecode.swift; path = ContactActionDetailView.swift; sourceTree = "<group>"; };
		91F24E27225E67D7001ABE9D /* ContactActionDetailView.xib */ = {isa = PBXFileReference; lastKnownFileType = file.xib; path = ContactActionDetailView.xib; sourceTree = "<group>"; };
		91F24E29225E6B7E001ABE9D /* ContactDetailCell.swift */ = {isa = PBXFileReference; lastKnownFileType = sourcecode.swift; path = ContactDetailCell.swift; sourceTree = "<group>"; };
		91F24E2A225E6B7E001ABE9D /* ContactDetailCell.xib */ = {isa = PBXFileReference; lastKnownFileType = file.xib; path = ContactDetailCell.xib; sourceTree = "<group>"; };
		951DC87EA8C07658E2A21D9F /* Pods-CardhopTNV.release.xcconfig */ = {isa = PBXFileReference; includeInIndex = 1; lastKnownFileType = text.xcconfig; name = "Pods-CardhopTNV.release.xcconfig"; path = "Pods/Target Support Files/Pods-CardhopTNV/Pods-CardhopTNV.release.xcconfig"; sourceTree = "<group>"; };
		A4C2EE56E1248F39E0E3B266 /* Pods-CardhopTNV.debug.xcconfig */ = {isa = PBXFileReference; includeInIndex = 1; lastKnownFileType = text.xcconfig; name = "Pods-CardhopTNV.debug.xcconfig"; path = "Pods/Target Support Files/Pods-CardhopTNV/Pods-CardhopTNV.debug.xcconfig"; sourceTree = "<group>"; };
		B147B476226038CC000C2F99 /* ToolBar.swift */ = {isa = PBXFileReference; lastKnownFileType = sourcecode.swift; path = ToolBar.swift; sourceTree = "<group>"; };
		B147B47822603E12000C2F99 /* ImageProfileVC.swift */ = {isa = PBXFileReference; lastKnownFileType = sourcecode.swift; path = ImageProfileVC.swift; sourceTree = "<group>"; };
		B147B480226051BB000C2F99 /* AddressEditCell.swift */ = {isa = PBXFileReference; lastKnownFileType = sourcecode.swift; path = AddressEditCell.swift; sourceTree = "<group>"; };
		B147B481226051BB000C2F99 /* AddressEditCell.xib */ = {isa = PBXFileReference; lastKnownFileType = file.xib; path = AddressEditCell.xib; sourceTree = "<group>"; };
		B147B4842260644C000C2F99 /* LabelVC.swift */ = {isa = PBXFileReference; lastKnownFileType = sourcecode.swift; path = LabelVC.swift; sourceTree = "<group>"; };
		B147B488226089EA000C2F99 /* ViewControllerExtension.swift */ = {isa = PBXFileReference; lastKnownFileType = sourcecode.swift; path = ViewControllerExtension.swift; sourceTree = "<group>"; };
		B14A7BAE225B43D50027E540 /* StringExtension.swift */ = {isa = PBXFileReference; lastKnownFileType = sourcecode.swift; path = StringExtension.swift; sourceTree = "<group>"; };
		B14A7BB0225B5A9F0027E540 /* ContactLabelModel.swift */ = {isa = PBXFileReference; lastKnownFileType = sourcecode.swift; path = ContactLabelModel.swift; sourceTree = "<group>"; };
		B14A7BB2225B5C370027E540 /* ContactAddressModel.swift */ = {isa = PBXFileReference; lastKnownFileType = sourcecode.swift; path = ContactAddressModel.swift; sourceTree = "<group>"; };
		B19FD8ED225F50B800226727 /* PhotoManager.swift */ = {isa = PBXFileReference; fileEncoding = 4; lastKnownFileType = sourcecode.swift; path = PhotoManager.swift; sourceTree = "<group>"; };
		B1C4AB11225C49E4006386EA /* SectionView.swift */ = {isa = PBXFileReference; lastKnownFileType = sourcecode.swift; path = SectionView.swift; sourceTree = "<group>"; };
		B1C4AB13225C49EC006386EA /* SectionView.xib */ = {isa = PBXFileReference; lastKnownFileType = file.xib; path = SectionView.xib; sourceTree = "<group>"; };
		B1C4AB15225C4A27006386EA /* SettingGeneralOptionView.swift */ = {isa = PBXFileReference; lastKnownFileType = sourcecode.swift; path = SettingGeneralOptionView.swift; sourceTree = "<group>"; };
		B1C4AB17225C4A2F006386EA /* SettingGeneralOptionView.xib */ = {isa = PBXFileReference; lastKnownFileType = file.xib; path = SettingGeneralOptionView.xib; sourceTree = "<group>"; };
		B1C4AB19225C4A51006386EA /* ThemeView.swift */ = {isa = PBXFileReference; lastKnownFileType = sourcecode.swift; path = ThemeView.swift; sourceTree = "<group>"; };
		B1C4AB1D225C4A69006386EA /* ThemeView.xib */ = {isa = PBXFileReference; lastKnownFileType = file.xib; path = ThemeView.xib; sourceTree = "<group>"; };
		B1C4AB1F225C4C78006386EA /* ThemeOptionView.swift */ = {isa = PBXFileReference; lastKnownFileType = sourcecode.swift; path = ThemeOptionView.swift; sourceTree = "<group>"; };
		B1C4AB21225C4C81006386EA /* ThemeOptionView.xib */ = {isa = PBXFileReference; lastKnownFileType = file.xib; path = ThemeOptionView.xib; sourceTree = "<group>"; };
		B1C4AB23225C7D84006386EA /* SettingGeneralView.swift */ = {isa = PBXFileReference; lastKnownFileType = sourcecode.swift; path = SettingGeneralView.swift; sourceTree = "<group>"; };
		B1C4AB25225C7D8E006386EA /* SettingGeneralView.xib */ = {isa = PBXFileReference; lastKnownFileType = file.xib; path = SettingGeneralView.xib; sourceTree = "<group>"; };
		B1C4AB27225C850D006386EA /* SearchingContactsVC.swift */ = {isa = PBXFileReference; lastKnownFileType = sourcecode.swift; path = SearchingContactsVC.swift; sourceTree = "<group>"; };
		B1C4AB2B225D94E9006386EA /* SearchingGuideView.swift */ = {isa = PBXFileReference; lastKnownFileType = sourcecode.swift; path = SearchingGuideView.swift; sourceTree = "<group>"; };
		B1C4AB2D225D94F2006386EA /* SearchingGuideView.xib */ = {isa = PBXFileReference; lastKnownFileType = file.xib; path = SearchingGuideView.xib; sourceTree = "<group>"; };
		B1C4AB2F225D9766006386EA /* SearchingGuideOptionView.swift */ = {isa = PBXFileReference; lastKnownFileType = sourcecode.swift; path = SearchingGuideOptionView.swift; sourceTree = "<group>"; };
		B1C4AB31225D9770006386EA /* SearchingGuideOptionView.xib */ = {isa = PBXFileReference; lastKnownFileType = file.xib; path = SearchingGuideOptionView.xib; sourceTree = "<group>"; };
		B1C4AB33225DA912006386EA /* SearchBarExtension.swift */ = {isa = PBXFileReference; lastKnownFileType = sourcecode.swift; path = SearchBarExtension.swift; sourceTree = "<group>"; };
		B1C4AB35225DAA94006386EA /* GeneralSettingModel.swift */ = {isa = PBXFileReference; lastKnownFileType = sourcecode.swift; path = GeneralSettingModel.swift; sourceTree = "<group>"; };
		B1C4AB5D225DD98C006386EA /* ContactCountryVC.swift */ = {isa = PBXFileReference; lastKnownFileType = sourcecode.swift; path = ContactCountryVC.swift; sourceTree = "<group>"; };
		B1C4AB81225DF3E6006386EA /* CountryPickerView.bundle */ = {isa = PBXFileReference; lastKnownFileType = "wrapper.plug-in"; path = CountryPickerView.bundle; sourceTree = "<group>"; };
		B1C4AB8F225DF650006386EA /* CountryModel.swift */ = {isa = PBXFileReference; lastKnownFileType = sourcecode.swift; path = CountryModel.swift; sourceTree = "<group>"; };
		B1C4AB91225E016D006386EA /* CountryCell.swift */ = {isa = PBXFileReference; lastKnownFileType = sourcecode.swift; path = CountryCell.swift; sourceTree = "<group>"; };
		B1C4AB92225E016D006386EA /* CountryCell.xib */ = {isa = PBXFileReference; lastKnownFileType = file.xib; path = CountryCell.xib; sourceTree = "<group>"; };
		B1C4AB95225E07A3006386EA /* UIViewExtension.swift */ = {isa = PBXFileReference; lastKnownFileType = sourcecode.swift; path = UIViewExtension.swift; sourceTree = "<group>"; };
		B1C4AB97225F252B006386EA /* AddressCell.swift */ = {isa = PBXFileReference; lastKnownFileType = sourcecode.swift; path = AddressCell.swift; sourceTree = "<group>"; };
		B1C4AB98225F252B006386EA /* AddressCell.xib */ = {isa = PBXFileReference; lastKnownFileType = file.xib; path = AddressCell.xib; sourceTree = "<group>"; };
		BAD99D97F49F467D635ABBE8 /* Pods_CardhopTNV.framework */ = {isa = PBXFileReference; explicitFileType = wrapper.framework; includeInIndex = 0; path = Pods_CardhopTNV.framework; sourceTree = BUILT_PRODUCTS_DIR; };
/* End PBXFileReference section */

/* Begin PBXFrameworksBuildPhase section */
		91F0ACBE2254FF9B00CE6782 /* Frameworks */ = {
			isa = PBXFrameworksBuildPhase;
			buildActionMask = 2147483647;
			files = (
				A363A4D37D76A19C36F2E727 /* Pods_CardhopTNV.framework in Frameworks */,
			);
			runOnlyForDeploymentPostprocessing = 0;
		};
/* End PBXFrameworksBuildPhase section */

/* Begin PBXGroup section */
		00DBE25DF4BEA8B5F561923D /* Pods */ = {
			isa = PBXGroup;
			children = (
				A4C2EE56E1248F39E0E3B266 /* Pods-CardhopTNV.debug.xcconfig */,
				951DC87EA8C07658E2A21D9F /* Pods-CardhopTNV.release.xcconfig */,
			);
			name = Pods;
			sourceTree = "<group>";
		};
		713234B447BEEC8A7B0D5D94 /* Frameworks */ = {
			isa = PBXGroup;
			children = (
				BAD99D97F49F467D635ABBE8 /* Pods_CardhopTNV.framework */,
			);
			name = Frameworks;
			sourceTree = "<group>";
		};
		9124FDBB2258890F00151834 /* Models */ = {
			isa = PBXGroup;
			children = (
				9124FDBC2258891600151834 /* BaseModel.swift */,
				9124FDBE2258892E00151834 /* ContactModel.swift */,
				B14A7BB0225B5A9F0027E540 /* ContactLabelModel.swift */,
				B14A7BB2225B5C370027E540 /* ContactAddressModel.swift */,
				B1C4AB35225DAA94006386EA /* GeneralSettingModel.swift */,
				B1C4AB8F225DF650006386EA /* CountryModel.swift */,
			);
			path = Models;
			sourceTree = "<group>";
		};
		9124FDC022588FF600151834 /* Utils */ = {
			isa = PBXGroup;
			children = (
				B1C4AB7F225DF3E6006386EA /* CountryPickerView */,
				9124FDC12258900A00151834 /* AppPreference.swift */,
				9124FDCC2258A32500151834 /* ColorExtension.swift */,
				9124FDCE2258B30D00151834 /* SimpleFunction.swift */,
				B14A7BAE225B43D50027E540 /* StringExtension.swift */,
				919B0C34225C23A5004576F6 /* ContactFileManager.swift */,
				919B0C36225C2A71004576F6 /* DateExtension.swift */,
				B1C4AB33225DA912006386EA /* SearchBarExtension.swift */,
				B19FD8ED225F50B800226727 /* PhotoManager.swift */,
				B147B476226038CC000C2F99 /* ToolBar.swift */,
				B147B488226089EA000C2F99 /* ViewControllerExtension.swift */,
			);
			path = Utils;
			sourceTree = "<group>";
		};
		914378E42256DE0B00C41F6E /* Views */ = {
			isa = PBXGroup;
			children = (
				914378E52256DE5200C41F6E /* BaseCustomNibView.swift */,
				914378E72256DE8800C41F6E /* AvatarView.swift */,
				914378E92256DE9200C41F6E /* AvatarView.xib */,
				9124FDC32258913300151834 /* SearchingView.swift */,
				9124FDC52258913900151834 /* SearchingView.xib */,
				B1C4AB11225C49E4006386EA /* SectionView.swift */,
				B1C4AB13225C49EC006386EA /* SectionView.xib */,
				B1C4AB15225C4A27006386EA /* SettingGeneralOptionView.swift */,
				B1C4AB17225C4A2F006386EA /* SettingGeneralOptionView.xib */,
				B1C4AB19225C4A51006386EA /* ThemeView.swift */,
				B1C4AB1D225C4A69006386EA /* ThemeView.xib */,
				B1C4AB1F225C4C78006386EA /* ThemeOptionView.swift */,
				B1C4AB21225C4C81006386EA /* ThemeOptionView.xib */,
				B1C4AB23225C7D84006386EA /* SettingGeneralView.swift */,
				B1C4AB25225C7D8E006386EA /* SettingGeneralView.xib */,
				B1C4AB2B225D94E9006386EA /* SearchingGuideView.swift */,
				B1C4AB2D225D94F2006386EA /* SearchingGuideView.xib */,
				B1C4AB2F225D9766006386EA /* SearchingGuideOptionView.swift */,
				B1C4AB31225D9770006386EA /* SearchingGuideOptionView.xib */,
				91F24E25225E67CF001ABE9D /* ContactActionDetailView.swift */,
				91F24E27225E67D7001ABE9D /* ContactActionDetailView.xib */,
			);
			path = Views;
			sourceTree = "<group>";
		};
		91F0ACB82254FF9B00CE6782 = {
			isa = PBXGroup;
			children = (
				91F0ACC32254FF9B00CE6782 /* CardhopTNV */,
				91F0ACC22254FF9B00CE6782 /* Products */,
				00DBE25DF4BEA8B5F561923D /* Pods */,
				713234B447BEEC8A7B0D5D94 /* Frameworks */,
			);
			sourceTree = "<group>";
		};
		91F0ACC22254FF9B00CE6782 /* Products */ = {
			isa = PBXGroup;
			children = (
				91F0ACC12254FF9B00CE6782 /* CardhopTNV.app */,
			);
			name = Products;
			sourceTree = "<group>";
		};
		91F0ACC32254FF9B00CE6782 /* CardhopTNV */ = {
			isa = PBXGroup;
			children = (
				9124FDC022588FF600151834 /* Utils */,
				9124FDBB2258890F00151834 /* Models */,
				914378E42256DE0B00C41F6E /* Views */,
				91F0ACE2225503D900CE6782 /* Cells */,
				91F0ACC42254FF9B00CE6782 /* AppDelegate.swift */,
				91F0ACC62254FF9B00CE6782 /* ViewController.swift */,
				91F0ACD6225501E200CE6782 /* BaseViewController.swift */,
				91F0ACD82255020000CE6782 /* FavouriteVC.swift */,
				91F0ACDA2255020E00CE6782 /* HistoryVC.swift */,
				91F0ACDC2255021B00CE6782 /* ContactVC.swift */,
				B1C4AB27225C850D006386EA /* SearchingContactsVC.swift */,
				91F0ACDE2255023900CE6782 /* BirthdayVC.swift */,
				91F0ACE02255025100CE6782 /* SettingsVC.swift */,
				91F24E1F225E567D001ABE9D /* SettingDetailVC.swift */,
				B1C4AB5D225DD98C006386EA /* ContactCountryVC.swift */,
				91F24E21225E664C001ABE9D /* ContactDetailVC.swift */,
				91F24E23225E6661001ABE9D /* EditContactVC.swift */,
				B147B47822603E12000C2F99 /* ImageProfileVC.swift */,
				B147B4842260644C000C2F99 /* LabelVC.swift */,
				91F0ACC82254FF9B00CE6782 /* Main.storyboard */,
				91F0ACCB2254FF9B00CE6782 /* Assets.xcassets */,
				91F0ACCD2254FF9B00CE6782 /* LaunchScreen.storyboard */,
				91F0ACD02254FF9B00CE6782 /* Info.plist */,
			);
			path = CardhopTNV;
			sourceTree = "<group>";
		};
		91F0ACE2225503D900CE6782 /* Cells */ = {
			isa = PBXGroup;
			children = (
				91F0ACE3225503F000CE6782 /* BaseTableViewCell.swift */,
				91F0ACE52255043900CE6782 /* ContactCell.swift */,
				91F0ACE62255043900CE6782 /* ContactCell.xib */,
				B1C4AB91225E016D006386EA /* CountryCell.swift */,
				B1C4AB92225E016D006386EA /* CountryCell.xib */,
				91F24E1B225E5519001ABE9D /* SettingNormalCell.swift */,
				91F24E1C225E5519001ABE9D /* SettingNormalCell.xib */,
				91F24E29225E6B7E001ABE9D /* ContactDetailCell.swift */,
				91F24E2A225E6B7E001ABE9D /* ContactDetailCell.xib */,
				91B5D48A225ECD7E00AC0DF0 /* ContactEditCell.swift */,
				91B5D48B225ECD7E00AC0DF0 /* ContactEditCell.xib */,
				91B5D48E225ECD9E00AC0DF0 /* ContactNewCell.swift */,
				91B5D48F225ECD9E00AC0DF0 /* ContactNewCell.xib */,
				B1C4AB97225F252B006386EA /* AddressCell.swift */,
				B1C4AB98225F252B006386EA /* AddressCell.xib */,
				91420581225F753E00496AA0 /* ContactNoteCell.swift */,
				91420582225F753E00496AA0 /* ContactNoteCell.xib */,
				B147B480226051BB000C2F99 /* AddressEditCell.swift */,
				B147B481226051BB000C2F99 /* AddressEditCell.xib */,
			);
			path = Cells;
			sourceTree = "<group>";
		};
		B1C4AB7F225DF3E6006386EA /* CountryPickerView */ = {
			isa = PBXGroup;
			children = (
				B1C4AB80225DF3E6006386EA /* Assets */,
				B1C4AB95225E07A3006386EA /* UIViewExtension.swift */,
			);
			path = CountryPickerView;
			sourceTree = "<group>";
		};
		B1C4AB80225DF3E6006386EA /* Assets */ = {
			isa = PBXGroup;
			children = (
				B1C4AB81225DF3E6006386EA /* CountryPickerView.bundle */,
			);
			path = Assets;
			sourceTree = "<group>";
		};
/* End PBXGroup section */

/* Begin PBXNativeTarget section */
		91F0ACC02254FF9B00CE6782 /* CardhopTNV */ = {
			isa = PBXNativeTarget;
			buildConfigurationList = 91F0ACD32254FF9B00CE6782 /* Build configuration list for PBXNativeTarget "CardhopTNV" */;
			buildPhases = (
				743D1EC5A7E211D78464E045 /* [CP] Check Pods Manifest.lock */,
				91F0ACBD2254FF9B00CE6782 /* Sources */,
				91F0ACBE2254FF9B00CE6782 /* Frameworks */,
				91F0ACBF2254FF9B00CE6782 /* Resources */,
				DE23260854930CD4333EBC28 /* [CP] Embed Pods Frameworks */,
				24F2CB978118961DC7360A90 /* [CP] Copy Pods Resources */,
			);
			buildRules = (
			);
			dependencies = (
			);
			name = CardhopTNV;
			productName = CardhopTNV;
			productReference = 91F0ACC12254FF9B00CE6782 /* CardhopTNV.app */;
			productType = "com.apple.product-type.application";
		};
/* End PBXNativeTarget section */

/* Begin PBXProject section */
		91F0ACB92254FF9B00CE6782 /* Project object */ = {
			isa = PBXProject;
			attributes = {
				LastSwiftUpdateCheck = 0910;
				LastUpgradeCheck = 0910;
				ORGANIZATIONNAME = tunv;
				TargetAttributes = {
					91F0ACC02254FF9B00CE6782 = {
						CreatedOnToolsVersion = 9.1;
						ProvisioningStyle = Automatic;
					};
				};
			};
			buildConfigurationList = 91F0ACBC2254FF9B00CE6782 /* Build configuration list for PBXProject "CardhopTNV" */;
			compatibilityVersion = "Xcode 8.0";
			developmentRegion = en;
			hasScannedForEncodings = 0;
			knownRegions = (
				en,
				Base,
			);
			mainGroup = 91F0ACB82254FF9B00CE6782;
			productRefGroup = 91F0ACC22254FF9B00CE6782 /* Products */;
			projectDirPath = "";
			projectRoot = "";
			targets = (
				91F0ACC02254FF9B00CE6782 /* CardhopTNV */,
			);
		};
/* End PBXProject section */

/* Begin PBXResourcesBuildPhase section */
		91F0ACBF2254FF9B00CE6782 /* Resources */ = {
			isa = PBXResourcesBuildPhase;
			buildActionMask = 2147483647;
			files = (
				91F24E28225E67D7001ABE9D /* ContactActionDetailView.xib in Resources */,
				B1C4AB94225E016E006386EA /* CountryCell.xib in Resources */,
				B1C4AB32225D9770006386EA /* SearchingGuideOptionView.xib in Resources */,
				91F0ACE82255043900CE6782 /* ContactCell.xib in Resources */,
				91F0ACCF2254FF9B00CE6782 /* LaunchScreen.storyboard in Resources */,
				91B5D491225ECD9E00AC0DF0 /* ContactNewCell.xib in Resources */,
				91F0ACCC2254FF9B00CE6782 /* Assets.xcassets in Resources */,
				B1C4AB1E225C4A69006386EA /* ThemeView.xib in Resources */,
				91420584225F753E00496AA0 /* ContactNoteCell.xib in Resources */,
				B1C4AB2E225D94F2006386EA /* SearchingGuideView.xib in Resources */,
				91B5D48D225ECD7E00AC0DF0 /* ContactEditCell.xib in Resources */,
				B1C4AB9A225F252B006386EA /* AddressCell.xib in Resources */,
				B1C4AB26225C7D8E006386EA /* SettingGeneralView.xib in Resources */,
				B1C4AB88225DF3E6006386EA /* CountryPickerView.bundle in Resources */,
				9124FDC62258913900151834 /* SearchingView.xib in Resources */,
				914378EA2256DE9200C41F6E /* AvatarView.xib in Resources */,
				B147B483226051BB000C2F99 /* AddressEditCell.xib in Resources */,
				B1C4AB18225C4A2F006386EA /* SettingGeneralOptionView.xib in Resources */,
				B1C4AB22225C4C81006386EA /* ThemeOptionView.xib in Resources */,
				91F24E1E225E5519001ABE9D /* SettingNormalCell.xib in Resources */,
				91F24E2C225E6B7E001ABE9D /* ContactDetailCell.xib in Resources */,
				B1C4AB14225C49EC006386EA /* SectionView.xib in Resources */,
				91F0ACCA2254FF9B00CE6782 /* Main.storyboard in Resources */,
			);
			runOnlyForDeploymentPostprocessing = 0;
		};
/* End PBXResourcesBuildPhase section */

/* Begin PBXShellScriptBuildPhase section */
		24F2CB978118961DC7360A90 /* [CP] Copy Pods Resources */ = {
			isa = PBXShellScriptBuildPhase;
			buildActionMask = 2147483647;
			files = (
			);
			inputPaths = (
			);
			name = "[CP] Copy Pods Resources";
			outputPaths = (
			);
			runOnlyForDeploymentPostprocessing = 0;
			shellPath = /bin/sh;
			shellScript = "\"${SRCROOT}/Pods/Target Support Files/Pods-CardhopTNV/Pods-CardhopTNV-resources.sh\"\n";
			showEnvVarsInLog = 0;
		};
		743D1EC5A7E211D78464E045 /* [CP] Check Pods Manifest.lock */ = {
			isa = PBXShellScriptBuildPhase;
			buildActionMask = 2147483647;
			files = (
			);
			inputPaths = (
				"${PODS_PODFILE_DIR_PATH}/Podfile.lock",
				"${PODS_ROOT}/Manifest.lock",
			);
			name = "[CP] Check Pods Manifest.lock";
			outputPaths = (
				"$(DERIVED_FILE_DIR)/Pods-CardhopTNV-checkManifestLockResult.txt",
			);
			runOnlyForDeploymentPostprocessing = 0;
			shellPath = /bin/sh;
			shellScript = "diff \"${PODS_PODFILE_DIR_PATH}/Podfile.lock\" \"${PODS_ROOT}/Manifest.lock\" > /dev/null\nif [ $? != 0 ] ; then\n    # print error to STDERR\n    echo \"error: The sandbox is not in sync with the Podfile.lock. Run 'pod install' or update your CocoaPods installation.\" >&2\n    exit 1\nfi\n# This output is used by Xcode 'outputs' to avoid re-running this script phase.\necho \"SUCCESS\" > \"${SCRIPT_OUTPUT_FILE_0}\"\n";
			showEnvVarsInLog = 0;
		};
		DE23260854930CD4333EBC28 /* [CP] Embed Pods Frameworks */ = {
			isa = PBXShellScriptBuildPhase;
			buildActionMask = 2147483647;
			files = (
			);
			inputPaths = (
				"${SRCROOT}/Pods/Target Support Files/Pods-CardhopTNV/Pods-CardhopTNV-frameworks.sh",
				"${BUILT_PRODUCTS_DIR}/DropDown/DropDown.framework",
				"${BUILT_PRODUCTS_DIR}/QBImagePickerController/QBImagePickerController.framework",
			);
			name = "[CP] Embed Pods Frameworks";
			outputPaths = (
				"${TARGET_BUILD_DIR}/${FRAMEWORKS_FOLDER_PATH}/DropDown.framework",
				"${TARGET_BUILD_DIR}/${FRAMEWORKS_FOLDER_PATH}/QBImagePickerController.framework",
			);
			runOnlyForDeploymentPostprocessing = 0;
			shellPath = /bin/sh;
			shellScript = "\"${SRCROOT}/Pods/Target Support Files/Pods-CardhopTNV/Pods-CardhopTNV-frameworks.sh\"\n";
			showEnvVarsInLog = 0;
		};
/* End PBXShellScriptBuildPhase section */

/* Begin PBXSourcesBuildPhase section */
		91F0ACBD2254FF9B00CE6782 /* Sources */ = {
			isa = PBXSourcesBuildPhase;
			buildActionMask = 2147483647;
			files = (
				91F0ACE72255043900CE6782 /* ContactCell.swift in Sources */,
				91F24E24225E6661001ABE9D /* EditContactVC.swift in Sources */,
				91420583225F753E00496AA0 /* ContactNoteCell.swift in Sources */,
				91F24E2B225E6B7E001ABE9D /* ContactDetailCell.swift in Sources */,
				B1C4AB30225D9766006386EA /* SearchingGuideOptionView.swift in Sources */,
				9124FDCF2258B30D00151834 /* SimpleFunction.swift in Sources */,
				914378E82256DE8800C41F6E /* AvatarView.swift in Sources */,
				B1C4AB16225C4A27006386EA /* SettingGeneralOptionView.swift in Sources */,
				9124FDC22258900A00151834 /* AppPreference.swift in Sources */,
				91F0ACC72254FF9B00CE6782 /* ViewController.swift in Sources */,
				B1C4AB24225C7D84006386EA /* SettingGeneralView.swift in Sources */,
				91F24E22225E664C001ABE9D /* ContactDetailVC.swift in Sources */,
				B1C4AB93225E016D006386EA /* CountryCell.swift in Sources */,
				9124FDBD2258891600151834 /* BaseModel.swift in Sources */,
				B1C4AB2C225D94E9006386EA /* SearchingGuideView.swift in Sources */,
				9124FDBF2258892E00151834 /* ContactModel.swift in Sources */,
				9124FDCD2258A32500151834 /* ColorExtension.swift in Sources */,
				91F0ACDB2255020E00CE6782 /* HistoryVC.swift in Sources */,
				91F24E26225E67CF001ABE9D /* ContactActionDetailView.swift in Sources */,
				91F0ACC52254FF9B00CE6782 /* AppDelegate.swift in Sources */,
				B147B482226051BB000C2F99 /* AddressEditCell.swift in Sources */,
				91F0ACDF2255023900CE6782 /* BirthdayVC.swift in Sources */,
				91F0ACE4225503F000CE6782 /* BaseTableViewCell.swift in Sources */,
				B1C4AB36225DAA94006386EA /* GeneralSettingModel.swift in Sources */,
				91B5D490225ECD9E00AC0DF0 /* ContactNewCell.swift in Sources */,
				914378E62256DE5200C41F6E /* BaseCustomNibView.swift in Sources */,
				B14A7BB3225B5C370027E540 /* ContactAddressModel.swift in Sources */,
				919B0C37225C2A71004576F6 /* DateExtension.swift in Sources */,
				91F24E1D225E5519001ABE9D /* SettingNormalCell.swift in Sources */,
				91B5D48C225ECD7E00AC0DF0 /* ContactEditCell.swift in Sources */,
				B1C4AB28225C850D006386EA /* SearchingContactsVC.swift in Sources */,
				B1C4AB1A225C4A51006386EA /* ThemeView.swift in Sources */,
				B147B4852260644C000C2F99 /* LabelVC.swift in Sources */,
				919B0C35225C23A5004576F6 /* ContactFileManager.swift in Sources */,
				91F0ACDD2255021B00CE6782 /* ContactVC.swift in Sources */,
				91F0ACE12255025100CE6782 /* SettingsVC.swift in Sources */,
				9124FDC42258913300151834 /* SearchingView.swift in Sources */,
				B14A7BAF225B43D50027E540 /* StringExtension.swift in Sources */,
				B147B47922603E12000C2F99 /* ImageProfileVC.swift in Sources */,
				B19FD8EE225F50B800226727 /* PhotoManager.swift in Sources */,
				B1C4AB20225C4C78006386EA /* ThemeOptionView.swift in Sources */,
				B1C4AB5E225DD98C006386EA /* ContactCountryVC.swift in Sources */,
				B1C4AB34225DA912006386EA /* SearchBarExtension.swift in Sources */,
				B1C4AB99225F252B006386EA /* AddressCell.swift in Sources */,
				B1C4AB12225C49E4006386EA /* SectionView.swift in Sources */,
				B1C4AB90225DF650006386EA /* CountryModel.swift in Sources */,
				91F0ACD92255020000CE6782 /* FavouriteVC.swift in Sources */,
				B147B489226089EA000C2F99 /* ViewControllerExtension.swift in Sources */,
				91F0ACD7225501E200CE6782 /* BaseViewController.swift in Sources */,
				91F24E20225E567D001ABE9D /* SettingDetailVC.swift in Sources */,
				B147B477226038CC000C2F99 /* ToolBar.swift in Sources */,
				B14A7BB1225B5A9F0027E540 /* ContactLabelModel.swift in Sources */,
				B1C4AB96225E07A3006386EA /* UIViewExtension.swift in Sources */,
			);
			runOnlyForDeploymentPostprocessing = 0;
		};
/* End PBXSourcesBuildPhase section */

/* Begin PBXVariantGroup section */
		91F0ACC82254FF9B00CE6782 /* Main.storyboard */ = {
			isa = PBXVariantGroup;
			children = (
				91F0ACC92254FF9B00CE6782 /* Base */,
			);
			name = Main.storyboard;
			sourceTree = "<group>";
		};
		91F0ACCD2254FF9B00CE6782 /* LaunchScreen.storyboard */ = {
			isa = PBXVariantGroup;
			children = (
				91F0ACCE2254FF9B00CE6782 /* Base */,
			);
			name = LaunchScreen.storyboard;
			sourceTree = "<group>";
		};
/* End PBXVariantGroup section */

/* Begin XCBuildConfiguration section */
		91F0ACD12254FF9B00CE6782 /* Debug */ = {
			isa = XCBuildConfiguration;
			buildSettings = {
				ALWAYS_SEARCH_USER_PATHS = NO;
				CLANG_ANALYZER_NONNULL = YES;
				CLANG_ANALYZER_NUMBER_OBJECT_CONVERSION = YES_AGGRESSIVE;
				CLANG_CXX_LANGUAGE_STANDARD = "gnu++14";
				CLANG_CXX_LIBRARY = "libc++";
				CLANG_ENABLE_MODULES = YES;
				CLANG_ENABLE_OBJC_ARC = YES;
				CLANG_WARN_BLOCK_CAPTURE_AUTORELEASING = YES;
				CLANG_WARN_BOOL_CONVERSION = YES;
				CLANG_WARN_COMMA = YES;
				CLANG_WARN_CONSTANT_CONVERSION = YES;
				CLANG_WARN_DIRECT_OBJC_ISA_USAGE = YES_ERROR;
				CLANG_WARN_DOCUMENTATION_COMMENTS = YES;
				CLANG_WARN_EMPTY_BODY = YES;
				CLANG_WARN_ENUM_CONVERSION = YES;
				CLANG_WARN_INFINITE_RECURSION = YES;
				CLANG_WARN_INT_CONVERSION = YES;
				CLANG_WARN_NON_LITERAL_NULL_CONVERSION = YES;
				CLANG_WARN_OBJC_LITERAL_CONVERSION = YES;
				CLANG_WARN_OBJC_ROOT_CLASS = YES_ERROR;
				CLANG_WARN_RANGE_LOOP_ANALYSIS = YES;
				CLANG_WARN_STRICT_PROTOTYPES = YES;
				CLANG_WARN_SUSPICIOUS_MOVE = YES;
				CLANG_WARN_UNGUARDED_AVAILABILITY = YES_AGGRESSIVE;
				CLANG_WARN_UNREACHABLE_CODE = YES;
				CLANG_WARN__DUPLICATE_METHOD_MATCH = YES;
				CODE_SIGN_IDENTITY = "iPhone Developer";
				COPY_PHASE_STRIP = NO;
				DEBUG_INFORMATION_FORMAT = dwarf;
				ENABLE_STRICT_OBJC_MSGSEND = YES;
				ENABLE_TESTABILITY = YES;
				GCC_C_LANGUAGE_STANDARD = gnu11;
				GCC_DYNAMIC_NO_PIC = NO;
				GCC_NO_COMMON_BLOCKS = YES;
				GCC_OPTIMIZATION_LEVEL = 0;
				GCC_PREPROCESSOR_DEFINITIONS = (
					"DEBUG=1",
					"$(inherited)",
				);
				GCC_WARN_64_TO_32_BIT_CONVERSION = YES;
				GCC_WARN_ABOUT_RETURN_TYPE = YES_ERROR;
				GCC_WARN_UNDECLARED_SELECTOR = YES;
				GCC_WARN_UNINITIALIZED_AUTOS = YES_AGGRESSIVE;
				GCC_WARN_UNUSED_FUNCTION = YES;
				GCC_WARN_UNUSED_VARIABLE = YES;
				IPHONEOS_DEPLOYMENT_TARGET = 11.1;
				MTL_ENABLE_DEBUG_INFO = YES;
				ONLY_ACTIVE_ARCH = YES;
				SDKROOT = iphoneos;
				SWIFT_ACTIVE_COMPILATION_CONDITIONS = DEBUG;
				SWIFT_OPTIMIZATION_LEVEL = "-Onone";
			};
			name = Debug;
		};
		91F0ACD22254FF9B00CE6782 /* Release */ = {
			isa = XCBuildConfiguration;
			buildSettings = {
				ALWAYS_SEARCH_USER_PATHS = NO;
				CLANG_ANALYZER_NONNULL = YES;
				CLANG_ANALYZER_NUMBER_OBJECT_CONVERSION = YES_AGGRESSIVE;
				CLANG_CXX_LANGUAGE_STANDARD = "gnu++14";
				CLANG_CXX_LIBRARY = "libc++";
				CLANG_ENABLE_MODULES = YES;
				CLANG_ENABLE_OBJC_ARC = YES;
				CLANG_WARN_BLOCK_CAPTURE_AUTORELEASING = YES;
				CLANG_WARN_BOOL_CONVERSION = YES;
				CLANG_WARN_COMMA = YES;
				CLANG_WARN_CONSTANT_CONVERSION = YES;
				CLANG_WARN_DIRECT_OBJC_ISA_USAGE = YES_ERROR;
				CLANG_WARN_DOCUMENTATION_COMMENTS = YES;
				CLANG_WARN_EMPTY_BODY = YES;
				CLANG_WARN_ENUM_CONVERSION = YES;
				CLANG_WARN_INFINITE_RECURSION = YES;
				CLANG_WARN_INT_CONVERSION = YES;
				CLANG_WARN_NON_LITERAL_NULL_CONVERSION = YES;
				CLANG_WARN_OBJC_LITERAL_CONVERSION = YES;
				CLANG_WARN_OBJC_ROOT_CLASS = YES_ERROR;
				CLANG_WARN_RANGE_LOOP_ANALYSIS = YES;
				CLANG_WARN_STRICT_PROTOTYPES = YES;
				CLANG_WARN_SUSPICIOUS_MOVE = YES;
				CLANG_WARN_UNGUARDED_AVAILABILITY = YES_AGGRESSIVE;
				CLANG_WARN_UNREACHABLE_CODE = YES;
				CLANG_WARN__DUPLICATE_METHOD_MATCH = YES;
				CODE_SIGN_IDENTITY = "iPhone Developer";
				COPY_PHASE_STRIP = NO;
				DEBUG_INFORMATION_FORMAT = "dwarf-with-dsym";
				ENABLE_NS_ASSERTIONS = NO;
				ENABLE_STRICT_OBJC_MSGSEND = YES;
				GCC_C_LANGUAGE_STANDARD = gnu11;
				GCC_NO_COMMON_BLOCKS = YES;
				GCC_WARN_64_TO_32_BIT_CONVERSION = YES;
				GCC_WARN_ABOUT_RETURN_TYPE = YES_ERROR;
				GCC_WARN_UNDECLARED_SELECTOR = YES;
				GCC_WARN_UNINITIALIZED_AUTOS = YES_AGGRESSIVE;
				GCC_WARN_UNUSED_FUNCTION = YES;
				GCC_WARN_UNUSED_VARIABLE = YES;
				IPHONEOS_DEPLOYMENT_TARGET = 11.1;
				MTL_ENABLE_DEBUG_INFO = NO;
				SDKROOT = iphoneos;
				SWIFT_OPTIMIZATION_LEVEL = "-Owholemodule";
				VALIDATE_PRODUCT = YES;
			};
			name = Release;
		};
		91F0ACD42254FF9B00CE6782 /* Debug */ = {
			isa = XCBuildConfiguration;
			baseConfigurationReference = A4C2EE56E1248F39E0E3B266 /* Pods-CardhopTNV.debug.xcconfig */;
			buildSettings = {
				ASSETCATALOG_COMPILER_APPICON_NAME = AppIcon;
				CODE_SIGN_STYLE = Automatic;
				DEVELOPMENT_TEAM = 7J83V8ZTD3;
				INFOPLIST_FILE = CardhopTNV/Info.plist;
				LD_RUNPATH_SEARCH_PATHS = "$(inherited) @executable_path/Frameworks";
				PRODUCT_BUNDLE_IDENTIFIER = tunv.CardhopTNV;
				PRODUCT_NAME = "$(TARGET_NAME)";
				SWIFT_VERSION = 4.0;
				TARGETED_DEVICE_FAMILY = "1,2";
			};
			name = Debug;
		};
		91F0ACD52254FF9B00CE6782 /* Release */ = {
			isa = XCBuildConfiguration;
			baseConfigurationReference = 951DC87EA8C07658E2A21D9F /* Pods-CardhopTNV.release.xcconfig */;
			buildSettings = {
				ASSETCATALOG_COMPILER_APPICON_NAME = AppIcon;
				CODE_SIGN_STYLE = Automatic;
				DEVELOPMENT_TEAM = 7J83V8ZTD3;
				INFOPLIST_FILE = CardhopTNV/Info.plist;
				LD_RUNPATH_SEARCH_PATHS = "$(inherited) @executable_path/Frameworks";
				PRODUCT_BUNDLE_IDENTIFIER = tunv.CardhopTNV;
				PRODUCT_NAME = "$(TARGET_NAME)";
				SWIFT_VERSION = 4.0;
				TARGETED_DEVICE_FAMILY = "1,2";
			};
			name = Release;
		};
/* End XCBuildConfiguration section */

/* Begin XCConfigurationList section */
		91F0ACBC2254FF9B00CE6782 /* Build configuration list for PBXProject "CardhopTNV" */ = {
			isa = XCConfigurationList;
			buildConfigurations = (
				91F0ACD12254FF9B00CE6782 /* Debug */,
				91F0ACD22254FF9B00CE6782 /* Release */,
			);
			defaultConfigurationIsVisible = 0;
			defaultConfigurationName = Release;
		};
		91F0ACD32254FF9B00CE6782 /* Build configuration list for PBXNativeTarget "CardhopTNV" */ = {
			isa = XCConfigurationList;
			buildConfigurations = (
				91F0ACD42254FF9B00CE6782 /* Debug */,
				91F0ACD52254FF9B00CE6782 /* Release */,
			);
			defaultConfigurationIsVisible = 0;
			defaultConfigurationName = Release;
		};
/* End XCConfigurationList section */
	};
	rootObject = 91F0ACB92254FF9B00CE6782 /* Project object */;
}
