PODS:
  - DropDown (2.0.2)
  - IQKeyboardManagerSwift (6.2.0)
  - QBImagePickerController (3.4.0)
  - SwipeCellKit (2.0.1)

DEPENDENCIES:
  - DropDown
  - IQKeyboardManagerSwift
  - QBImagePickerController
  - SwipeCellKit

SPEC REPOS:
  https://github.com/cocoapods/specs.git:
    - DropDown
    - IQKeyboardManagerSwift
    - QBImagePickerController
    - SwipeCellKit

SPEC CHECKSUMS:
  DropDown: 75562633a203f57a917021b4edb96c76f293b0ec
  IQKeyboardManagerSwift: b07ccf9d8cafe993dcd6cb794eb4ba34611a0c4e
  QBImagePickerController: d54cf93db6decf26baf6ed3472f336ef35cae022
  SwipeCellKit: 76888d93d1843dc568fdf38fff21b15dbbcf6b28

PODFILE CHECKSUM: ed527e74845aa323681d8e8b0b017a2c88fbed63

COCOAPODS: 1.5.3
