// !$*UTF8*$!
{
	archiveVersion = 1;
	classes = {
	};
	objectVersion = 48;
	objects = {

/* Begin PBXBuildFile section */
		9105461E2259B1F400DEC5C1 /* View.swift in Sources */ = {isa = PBXBuildFile; fileRef = 9105461D2259B1F300DEC5C1 /* View.swift */; };
		91C2629F2243B3750054DCEA /* AppDelegate.swift in Sources */ = {isa = PBXBuildFile; fileRef = 91C2629E2243B3750054DCEA /* AppDelegate.swift */; };
		91C262A12243B3750054DCEA /* ViewController.swift in Sources */ = {isa = PBXBuildFile; fileRef = 91C262A02243B3750054DCEA /* ViewController.swift */; };
		91C262A42243B3750054DCEA /* Main.storyboard in Resources */ = {isa = PBXBuildFile; fileRef = 91C262A22243B3750054DCEA /* Main.storyboard */; };
		91C262A62243B3750054DCEA /* Assets.xcassets in Resources */ = {isa = PBXBuildFile; fileRef = 91C262A52243B3750054DCEA /* Assets.xcassets */; };
		91C262A92243B3750054DCEA /* LaunchScreen.storyboard in Resources */ = {isa = PBXBuildFile; fileRef = 91C262A72243B3750054DCEA /* LaunchScreen.storyboard */; };
		91C262B72243B3820054DCEA /* SwiftyGifManager.swift in Sources */ = {isa = PBXBuildFile; fileRef = 91C262B32243B3820054DCEA /* SwiftyGifManager.swift */; };
		91C262B82243B3820054DCEA /* UIImage+SwiftyGif.swift in Sources */ = {isa = PBXBuildFile; fileRef = 91C262B42243B3820054DCEA /* UIImage+SwiftyGif.swift */; };
		91C262B92243B3820054DCEA /* UIImageView+SwiftyGif.swift in Sources */ = {isa = PBXBuildFile; fileRef = 91C262B52243B3820054DCEA /* UIImageView+SwiftyGif.swift */; };
		91C262BF2243B3920054DCEA /* ZoomImageView.swift in Sources */ = {isa = PBXBuildFile; fileRef = 91C262BD2243B3920054DCEA /* ZoomImageView.swift */; };
		91CBE491227462C000EC567C /* animation.gif in Resources */ = {isa = PBXBuildFile; fileRef = 91CBE490227462C000EC567C /* animation.gif */; };
		91D23875226F2EDE001749AF /* result.gif in Resources */ = {isa = PBXBuildFile; fileRef = 91D23874226F2EDE001749AF /* result.gif */; };
		91E4FC2E226F7D8100C23B6F /* defaultAnimation0.gif in Resources */ = {isa = PBXBuildFile; fileRef = 91E4FC2D226F7D8100C23B6F /* defaultAnimation0.gif */; };
/* End PBXBuildFile section */

/* Begin PBXFileReference section */
		9105461D2259B1F300DEC5C1 /* View.swift */ = {isa = PBXFileReference; lastKnownFileType = sourcecode.swift; path = View.swift; sourceTree = "<group>"; };
		91C2629B2243B3750054DCEA /* RouletteGame.app */ = {isa = PBXFileReference; explicitFileType = wrapper.application; includeInIndex = 0; path = RouletteGame.app; sourceTree = BUILT_PRODUCTS_DIR; };
		91C2629E2243B3750054DCEA /* AppDelegate.swift */ = {isa = PBXFileReference; lastKnownFileType = sourcecode.swift; path = AppDelegate.swift; sourceTree = "<group>"; };
		91C262A02243B3750054DCEA /* ViewController.swift */ = {isa = PBXFileReference; lastKnownFileType = sourcecode.swift; path = ViewController.swift; sourceTree = "<group>"; };
		91C262A32243B3750054DCEA /* Base */ = {isa = PBXFileReference; lastKnownFileType = file.storyboard; name = Base; path = Base.lproj/Main.storyboard; sourceTree = "<group>"; };
		91C262A52243B3750054DCEA /* Assets.xcassets */ = {isa = PBXFileReference; lastKnownFileType = folder.assetcatalog; path = Assets.xcassets; sourceTree = "<group>"; };
		91C262A82243B3750054DCEA /* Base */ = {isa = PBXFileReference; lastKnownFileType = file.storyboard; name = Base; path = Base.lproj/LaunchScreen.storyboard; sourceTree = "<group>"; };
		91C262AA2243B3750054DCEA /* Info.plist */ = {isa = PBXFileReference; lastKnownFileType = text.plist.xml; path = Info.plist; sourceTree = "<group>"; };
		91C262B22243B3820054DCEA /* SwiftyGif.h */ = {isa = PBXFileReference; fileEncoding = 4; lastKnownFileType = sourcecode.c.h; path = SwiftyGif.h; sourceTree = "<group>"; };
		91C262B32243B3820054DCEA /* SwiftyGifManager.swift */ = {isa = PBXFileReference; fileEncoding = 4; lastKnownFileType = sourcecode.swift; path = SwiftyGifManager.swift; sourceTree = "<group>"; };
		91C262B42243B3820054DCEA /* UIImage+SwiftyGif.swift */ = {isa = PBXFileReference; fileEncoding = 4; lastKnownFileType = sourcecode.swift; path = "UIImage+SwiftyGif.swift"; sourceTree = "<group>"; };
		91C262B52243B3820054DCEA /* UIImageView+SwiftyGif.swift */ = {isa = PBXFileReference; fileEncoding = 4; lastKnownFileType = sourcecode.swift; path = "UIImageView+SwiftyGif.swift"; sourceTree = "<group>"; };
		91C262BC2243B3920054DCEA /* ZoomImageView.h */ = {isa = PBXFileReference; fileEncoding = 4; lastKnownFileType = sourcecode.c.h; path = ZoomImageView.h; sourceTree = "<group>"; };
		91C262BD2243B3920054DCEA /* ZoomImageView.swift */ = {isa = PBXFileReference; fileEncoding = 4; lastKnownFileType = sourcecode.swift; path = ZoomImageView.swift; sourceTree = "<group>"; };
		91CBE490227462C000EC567C /* animation.gif */ = {isa = PBXFileReference; lastKnownFileType = image.gif; path = animation.gif; sourceTree = "<group>"; };
		91D23874226F2EDE001749AF /* result.gif */ = {isa = PBXFileReference; lastKnownFileType = image.gif; path = result.gif; sourceTree = "<group>"; };
		91E4FC2D226F7D8100C23B6F /* defaultAnimation0.gif */ = {isa = PBXFileReference; lastKnownFileType = image.gif; path = defaultAnimation0.gif; sourceTree = "<group>"; };
/* End PBXFileReference section */

/* Begin PBXFrameworksBuildPhase section */
		91C262982243B3750054DCEA /* Frameworks */ = {
			isa = PBXFrameworksBuildPhase;
			buildActionMask = 2147483647;
			files = (
			);
			runOnlyForDeploymentPostprocessing = 0;
		};
/* End PBXFrameworksBuildPhase section */

/* Begin PBXGroup section */
		91C262922243B3750054DCEA = {
			isa = PBXGroup;
			children = (
				91C2629D2243B3750054DCEA /* RouletteGame */,
				91C2629C2243B3750054DCEA /* Products */,
			);
			sourceTree = "<group>";
		};
		91C2629C2243B3750054DCEA /* Products */ = {
			isa = PBXGroup;
			children = (
				91C2629B2243B3750054DCEA /* RouletteGame.app */,
			);
			name = Products;
			sourceTree = "<group>";
		};
		91C2629D2243B3750054DCEA /* RouletteGame */ = {
			isa = PBXGroup;
			children = (
				91C262BA2243B3920054DCEA /* ZoomImageView */,
				91C262B02243B3820054DCEA /* SwiftyGif */,
				91C2629E2243B3750054DCEA /* AppDelegate.swift */,
				91C262A02243B3750054DCEA /* ViewController.swift */,
				9105461D2259B1F300DEC5C1 /* View.swift */,
				91C262A22243B3750054DCEA /* Main.storyboard */,
				91CBE490227462C000EC567C /* animation.gif */,
				91E4FC2D226F7D8100C23B6F /* defaultAnimation0.gif */,
				91D23874226F2EDE001749AF /* result.gif */,
				91C262A52243B3750054DCEA /* Assets.xcassets */,
				91C262A72243B3750054DCEA /* LaunchScreen.storyboard */,
				91C262AA2243B3750054DCEA /* Info.plist */,
			);
			path = RouletteGame;
			sourceTree = "<group>";
		};
		91C262B02243B3820054DCEA /* SwiftyGif */ = {
			isa = PBXGroup;
			children = (
				91C262B22243B3820054DCEA /* SwiftyGif.h */,
				91C262B32243B3820054DCEA /* SwiftyGifManager.swift */,
				91C262B42243B3820054DCEA /* UIImage+SwiftyGif.swift */,
				91C262B52243B3820054DCEA /* UIImageView+SwiftyGif.swift */,
			);
			path = SwiftyGif;
			sourceTree = "<group>";
		};
		91C262BA2243B3920054DCEA /* ZoomImageView */ = {
			isa = PBXGroup;
			children = (
				91C262BC2243B3920054DCEA /* ZoomImageView.h */,
				91C262BD2243B3920054DCEA /* ZoomImageView.swift */,
			);
			path = ZoomImageView;
			sourceTree = "<group>";
		};
/* End PBXGroup section */

/* Begin PBXNativeTarget section */
		91C2629A2243B3750054DCEA /* RouletteGame */ = {
			isa = PBXNativeTarget;
			buildConfigurationList = 91C262AD2243B3750054DCEA /* Build configuration list for PBXNativeTarget "RouletteGame" */;
			buildPhases = (
				91C262972243B3750054DCEA /* Sources */,
				91C262982243B3750054DCEA /* Frameworks */,
				91C262992243B3750054DCEA /* Resources */,
			);
			buildRules = (
			);
			dependencies = (
			);
			name = RouletteGame;
			productName = RouletteGame;
			productReference = 91C2629B2243B3750054DCEA /* RouletteGame.app */;
			productType = "com.apple.product-type.application";
		};
/* End PBXNativeTarget section */

/* Begin PBXProject section */
		91C262932243B3750054DCEA /* Project object */ = {
			isa = PBXProject;
			attributes = {
				LastSwiftUpdateCheck = 0910;
				LastUpgradeCheck = 0910;
				ORGANIZATIONNAME = tunv;
				TargetAttributes = {
					91C2629A2243B3750054DCEA = {
						CreatedOnToolsVersion = 9.1;
						ProvisioningStyle = Manual;
					};
				};
			};
			buildConfigurationList = 91C262962243B3750054DCEA /* Build configuration list for PBXProject "RouletteGame" */;
			compatibilityVersion = "Xcode 8.0";
			developmentRegion = en;
			hasScannedForEncodings = 0;
			knownRegions = (
				en,
				Base,
			);
			mainGroup = 91C262922243B3750054DCEA;
			productRefGroup = 91C2629C2243B3750054DCEA /* Products */;
			projectDirPath = "";
			projectRoot = "";
			targets = (
				91C2629A2243B3750054DCEA /* RouletteGame */,
			);
		};
/* End PBXProject section */

/* Begin PBXResourcesBuildPhase section */
		91C262992243B3750054DCEA /* Resources */ = {
			isa = PBXResourcesBuildPhase;
			buildActionMask = 2147483647;
			files = (
				91D23875226F2EDE001749AF /* result.gif in Resources */,
				91CBE491227462C000EC567C /* animation.gif in Resources */,
				91C262A92243B3750054DCEA /* LaunchScreen.storyboard in Resources */,
				91C262A62243B3750054DCEA /* Assets.xcassets in Resources */,
				91E4FC2E226F7D8100C23B6F /* defaultAnimation0.gif in Resources */,
				91C262A42243B3750054DCEA /* Main.storyboard in Resources */,
			);
			runOnlyForDeploymentPostprocessing = 0;
		};
/* End PBXResourcesBuildPhase section */

/* Begin PBXSourcesBuildPhase section */
		91C262972243B3750054DCEA /* Sources */ = {
			isa = PBXSourcesBuildPhase;
			buildActionMask = 2147483647;
			files = (
				91C262B72243B3820054DCEA /* SwiftyGifManager.swift in Sources */,
				91C262BF2243B3920054DCEA /* ZoomImageView.swift in Sources */,
				91C262A12243B3750054DCEA /* ViewController.swift in Sources */,
				91C262B82243B3820054DCEA /* UIImage+SwiftyGif.swift in Sources */,
				91C2629F2243B3750054DCEA /* AppDelegate.swift in Sources */,
				9105461E2259B1F400DEC5C1 /* View.swift in Sources */,
				91C262B92243B3820054DCEA /* UIImageView+SwiftyGif.swift in Sources */,
			);
			runOnlyForDeploymentPostprocessing = 0;
		};
/* End PBXSourcesBuildPhase section */

/* Begin PBXVariantGroup section */
		91C262A22243B3750054DCEA /* Main.storyboard */ = {
			isa = PBXVariantGroup;
			children = (
				91C262A32243B3750054DCEA /* Base */,
			);
			name = Main.storyboard;
			sourceTree = "<group>";
		};
		91C262A72243B3750054DCEA /* LaunchScreen.storyboard */ = {
			isa = PBXVariantGroup;
			children = (
				91C262A82243B3750054DCEA /* Base */,
			);
			name = LaunchScreen.storyboard;
			sourceTree = "<group>";
		};
/* End PBXVariantGroup section */

/* Begin XCBuildConfiguration section */
		91C262AB2243B3750054DCEA /* Debug */ = {
			isa = XCBuildConfiguration;
			buildSettings = {
				ALWAYS_SEARCH_USER_PATHS = NO;
				CLANG_ANALYZER_NONNULL = YES;
				CLANG_ANALYZER_NUMBER_OBJECT_CONVERSION = YES_AGGRESSIVE;
				CLANG_CXX_LANGUAGE_STANDARD = "gnu++14";
				CLANG_CXX_LIBRARY = "libc++";
				CLANG_ENABLE_MODULES = YES;
				CLANG_ENABLE_OBJC_ARC = YES;
				CLANG_WARN_BLOCK_CAPTURE_AUTORELEASING = YES;
				CLANG_WARN_BOOL_CONVERSION = YES;
				CLANG_WARN_COMMA = YES;
				CLANG_WARN_CONSTANT_CONVERSION = YES;
				CLANG_WARN_DIRECT_OBJC_ISA_USAGE = YES_ERROR;
				CLANG_WARN_DOCUMENTATION_COMMENTS = YES;
				CLANG_WARN_EMPTY_BODY = YES;
				CLANG_WARN_ENUM_CONVERSION = YES;
				CLANG_WARN_INFINITE_RECURSION = YES;
				CLANG_WARN_INT_CONVERSION = YES;
				CLANG_WARN_NON_LITERAL_NULL_CONVERSION = YES;
				CLANG_WARN_OBJC_LITERAL_CONVERSION = YES;
				CLANG_WARN_OBJC_ROOT_CLASS = YES_ERROR;
				CLANG_WARN_RANGE_LOOP_ANALYSIS = YES;
				CLANG_WARN_STRICT_PROTOTYPES = YES;
				CLANG_WARN_SUSPICIOUS_MOVE = YES;
				CLANG_WARN_UNGUARDED_AVAILABILITY = YES_AGGRESSIVE;
				CLANG_WARN_UNREACHABLE_CODE = YES;
				CLANG_WARN__DUPLICATE_METHOD_MATCH = YES;
				CODE_SIGN_IDENTITY = "iPhone Developer";
				COPY_PHASE_STRIP = NO;
				DEBUG_INFORMATION_FORMAT = dwarf;
				ENABLE_STRICT_OBJC_MSGSEND = YES;
				ENABLE_TESTABILITY = YES;
				GCC_C_LANGUAGE_STANDARD = gnu11;
				GCC_DYNAMIC_NO_PIC = NO;
				GCC_NO_COMMON_BLOCKS = YES;
				GCC_OPTIMIZATION_LEVEL = 0;
				GCC_PREPROCESSOR_DEFINITIONS = (
					"DEBUG=1",
					"$(inherited)",
				);
				GCC_WARN_64_TO_32_BIT_CONVERSION = YES;
				GCC_WARN_ABOUT_RETURN_TYPE = YES_ERROR;
				GCC_WARN_UNDECLARED_SELECTOR = YES;
				GCC_WARN_UNINITIALIZED_AUTOS = YES_AGGRESSIVE;
				GCC_WARN_UNUSED_FUNCTION = YES;
				GCC_WARN_UNUSED_VARIABLE = YES;
				IPHONEOS_DEPLOYMENT_TARGET = 11.1;
				MTL_ENABLE_DEBUG_INFO = YES;
				ONLY_ACTIVE_ARCH = YES;
				SDKROOT = iphoneos;
				SWIFT_ACTIVE_COMPILATION_CONDITIONS = DEBUG;
				SWIFT_OPTIMIZATION_LEVEL = "-Onone";
			};
			name = Debug;
		};
		91C262AC2243B3750054DCEA /* Release */ = {
			isa = XCBuildConfiguration;
			buildSettings = {
				ALWAYS_SEARCH_USER_PATHS = NO;
				CLANG_ANALYZER_NONNULL = YES;
				CLANG_ANALYZER_NUMBER_OBJECT_CONVERSION = YES_AGGRESSIVE;
				CLANG_CXX_LANGUAGE_STANDARD = "gnu++14";
				CLANG_CXX_LIBRARY = "libc++";
				CLANG_ENABLE_MODULES = YES;
				CLANG_ENABLE_OBJC_ARC = YES;
				CLANG_WARN_BLOCK_CAPTURE_AUTORELEASING = YES;
				CLANG_WARN_BOOL_CONVERSION = YES;
				CLANG_WARN_COMMA = YES;
				CLANG_WARN_CONSTANT_CONVERSION = YES;
				CLANG_WARN_DIRECT_OBJC_ISA_USAGE = YES_ERROR;
				CLANG_WARN_DOCUMENTATION_COMMENTS = YES;
				CLANG_WARN_EMPTY_BODY = YES;
				CLANG_WARN_ENUM_CONVERSION = YES;
				CLANG_WARN_INFINITE_RECURSION = YES;
				CLANG_WARN_INT_CONVERSION = YES;
				CLANG_WARN_NON_LITERAL_NULL_CONVERSION = YES;
				CLANG_WARN_OBJC_LITERAL_CONVERSION = YES;
				CLANG_WARN_OBJC_ROOT_CLASS = YES_ERROR;
				CLANG_WARN_RANGE_LOOP_ANALYSIS = YES;
				CLANG_WARN_STRICT_PROTOTYPES = YES;
				CLANG_WARN_SUSPICIOUS_MOVE = YES;
				CLANG_WARN_UNGUARDED_AVAILABILITY = YES_AGGRESSIVE;
				CLANG_WARN_UNREACHABLE_CODE = YES;
				CLANG_WARN__DUPLICATE_METHOD_MATCH = YES;
				CODE_SIGN_IDENTITY = "iPhone Developer";
				COPY_PHASE_STRIP = NO;
				DEBUG_INFORMATION_FORMAT = "dwarf-with-dsym";
				ENABLE_NS_ASSERTIONS = NO;
				ENABLE_STRICT_OBJC_MSGSEND = YES;
				GCC_C_LANGUAGE_STANDARD = gnu11;
				GCC_NO_COMMON_BLOCKS = YES;
				GCC_WARN_64_TO_32_BIT_CONVERSION = YES;
				GCC_WARN_ABOUT_RETURN_TYPE = YES_ERROR;
				GCC_WARN_UNDECLARED_SELECTOR = YES;
				GCC_WARN_UNINITIALIZED_AUTOS = YES_AGGRESSIVE;
				GCC_WARN_UNUSED_FUNCTION = YES;
				GCC_WARN_UNUSED_VARIABLE = YES;
				IPHONEOS_DEPLOYMENT_TARGET = 11.1;
				MTL_ENABLE_DEBUG_INFO = NO;
				SDKROOT = iphoneos;
				SWIFT_OPTIMIZATION_LEVEL = "-Owholemodule";
				VALIDATE_PRODUCT = YES;
			};
			name = Release;
		};
		91C262AE2243B3750054DCEA /* Debug */ = {
			isa = XCBuildConfiguration;
			buildSettings = {
				ASSETCATALOG_COMPILER_APPICON_NAME = AppIcon;
				CODE_SIGN_STYLE = Manual;
				DEVELOPMENT_TEAM = P33MV7PV2H;
				INFOPLIST_FILE = RouletteGame/Info.plist;
				LD_RUNPATH_SEARCH_PATHS = "$(inherited) @executable_path/Frameworks";
				PRODUCT_BUNDLE_IDENTIFIER = RouletteGame;
				PRODUCT_NAME = "$(TARGET_NAME)";
				PROVISIONING_PROFILE = "12ee49c3-28b1-470e-b7de-4ee4f2fbc8b5";
				PROVISIONING_PROFILE_SPECIFIER = RouletteGameSample;
				SWIFT_VERSION = 4.0;
				TARGETED_DEVICE_FAMILY = 1;
			};
			name = Debug;
		};
		91C262AF2243B3750054DCEA /* Release */ = {
			isa = XCBuildConfiguration;
			buildSettings = {
				ASSETCATALOG_COMPILER_APPICON_NAME = AppIcon;
				CODE_SIGN_STYLE = Manual;
				DEVELOPMENT_TEAM = P33MV7PV2H;
				INFOPLIST_FILE = RouletteGame/Info.plist;
				LD_RUNPATH_SEARCH_PATHS = "$(inherited) @executable_path/Frameworks";
				PRODUCT_BUNDLE_IDENTIFIER = RouletteGame;
				PRODUCT_NAME = "$(TARGET_NAME)";
				PROVISIONING_PROFILE = "12ee49c3-28b1-470e-b7de-4ee4f2fbc8b5";
				PROVISIONING_PROFILE_SPECIFIER = RouletteGameSample;
				SWIFT_VERSION = 4.0;
				TARGETED_DEVICE_FAMILY = 1;
			};
			name = Release;
		};
/* End XCBuildConfiguration section */

/* Begin XCConfigurationList section */
		91C262962243B3750054DCEA /* Build configuration list for PBXProject "RouletteGame" */ = {
			isa = XCConfigurationList;
			buildConfigurations = (
				91C262AB2243B3750054DCEA /* Debug */,
				91C262AC2243B3750054DCEA /* Release */,
			);
			defaultConfigurationIsVisible = 0;
			defaultConfigurationName = Release;
		};
		91C262AD2243B3750054DCEA /* Build configuration list for PBXNativeTarget "RouletteGame" */ = {
			isa = XCConfigurationList;
			buildConfigurations = (
				91C262AE2243B3750054DCEA /* Debug */,
				91C262AF2243B3750054DCEA /* Release */,
			);
			defaultConfigurationIsVisible = 0;
			defaultConfigurationName = Release;
		};
/* End XCConfigurationList section */
	};
	rootObject = 91C262932243B3750054DCEA /* Project object */;
}
